
Microsoft Visual Studio Solution File, Format Version 12.00
# Visual Studio Version 17
VisualStudioVersion = 17.0.31903.59
MinimumVisualStudioVersion = 10.0.40219.1
Project("{FAE04EC0-301F-11D3-BF4B-00C04F79EFBC}") = "WpfTask8.2", "WpfTask8.2\WpfTask8.2.csproj", "{1EB75425-4FF4-4838-BF2C-A7B5A5985C27}"
EndProject
Global
	GlobalSection(SolutionConfigurationPlatforms) = preSolution
		Debug|Any CPU = Debug|Any CPU
		Release|Any CPU = Release|Any CPU
	EndGlobalSection
	GlobalSection(ProjectConfigurationPlatforms) = postSolution
		{1EB75425-4FF4-4838-BF2C-A7B5A5985C27}.Debug|Any CPU.ActiveCfg = Debug|Any CPU
		{1EB75425-4FF4-4838-BF2C-A7B5A5985C27}.Debug|Any CPU.Build.0 = Debug|Any CPU
		{1EB75425-4FF4-4838-BF2C-A7B5A5985C27}.Release|Any CPU.ActiveCfg = Release|Any CPU
		{1EB75425-4FF4-4838-BF2C-A7B5A5985C27}.Release|Any CPU.Build.0 = Release|Any CPU
	EndGlobalSection
	GlobalSection(SolutionProperties) = preSolution
		HideSolutionNode = FALSE
	EndGlobalSection
	GlobalSection(ExtensibilityGlobals) = postSolution
		SolutionGuid = {27FC500E-9C94-49D3-A240-6E4079E4DBD9}
	EndGlobalSection
EndGlobal
